// !$*UTF8*$!
{
	archiveVersion = 1;
	classes = {
	};
	objectVersion = 56;
	objects = {

/* Begin PBXBuildFile section */
		0310D787295D934B00C5DF4A /* PlacesSearchApp.swift in Sources */ = {isa = PBXBuildFile; fileRef = 0310D786295D934B00C5DF4A /* PlacesSearchApp.swift */; };
		0310D789295D934B00C5DF4A /* ContentView.swift in Sources */ = {isa = PBXBuildFile; fileRef = 0310D788295D934B00C5DF4A /* ContentView.swift */; };
		0310D78B295D934C00C5DF4A /* Assets.xcassets in Resources */ = {isa = PBXBuildFile; fileRef = 0310D78A295D934C00C5DF4A /* Assets.xcassets */; };
		0310D78E295D934C00C5DF4A /* Preview Assets.xcassets in Resources */ = {isa = PBXBuildFile; fileRef = 0310D78D295D934C00C5DF4A /* Preview Assets.xcassets */; };
		0310D7A2295D934C00C5DF4A /* PlacesSearchUITests.swift in Sources */ = {isa = PBXBuildFile; fileRef = 0310D7A1295D934C00C5DF4A /* PlacesSearchUITests.swift */; };
		0310D7A4295D934C00C5DF4A /* PlacesSearchUITestsLaunchTests.swift in Sources */ = {isa = PBXBuildFile; fileRef = 0310D7A3295D934C00C5DF4A /* PlacesSearchUITestsLaunchTests.swift */; };
		03ED5F59295D9959001EB72F /* SessionAuthenticating.swift in Sources */ = {isa = PBXBuildFile; fileRef = 03ED5F58295D9959001EB72F /* SessionAuthenticating.swift */; };
		03ED5F5F295D9BA9001EB72F /* UserLocating.swift in Sources */ = {isa = PBXBuildFile; fileRef = 03ED5F5E295D9BA9001EB72F /* UserLocating.swift */; };
		03ED5F62295D9EE6001EB72F /* CoreError.swift in Sources */ = {isa = PBXBuildFile; fileRef = 03ED5F61295D9EE6001EB72F /* CoreError.swift */; };
		03ED5F65295D9F9A001EB72F /* ApiProviding.swift in Sources */ = {isa = PBXBuildFile; fileRef = 03ED5F64295D9F9A001EB72F /* ApiProviding.swift */; };
		03ED5F68295DA00D001EB72F /* DataFetching.swift in Sources */ = {isa = PBXBuildFile; fileRef = 03ED5F67295DA00D001EB72F /* DataFetching.swift */; };
		03ED5F6A295DA043001EB72F /* NetworkEndpoint.swift in Sources */ = {isa = PBXBuildFile; fileRef = 03ED5F69295DA043001EB72F /* NetworkEndpoint.swift */; };
		03ED5F6C295DA0A8001EB72F /* AppConfiguration.swift in Sources */ = {isa = PBXBuildFile; fileRef = 03ED5F6B295DA0A8001EB72F /* AppConfiguration.swift */; };
		03ED5F6E295DA1E5001EB72F /* RequestParameters.swift in Sources */ = {isa = PBXBuildFile; fileRef = 03ED5F6D295DA1E5001EB72F /* RequestParameters.swift */; };
		03ED5F71295DA237001EB72F /* String+UrlValidation.swift in Sources */ = {isa = PBXBuildFile; fileRef = 03ED5F70295DA237001EB72F /* String+UrlValidation.swift */; };
		03ED5F73295DA2CC001EB72F /* DataFetcher.swift in Sources */ = {isa = PBXBuildFile; fileRef = 03ED5F72295DA2CC001EB72F /* DataFetcher.swift */; };
		03ED5F76295DA7DF001EB72F /* foursquaretoken.txt in Resources */ = {isa = PBXBuildFile; fileRef = 03ED5F75295DA7DF001EB72F /* foursquaretoken.txt */; };
		03ED5F7B295DA8CB001EB72F /* DataFetcherTests.swift in Sources */ = {isa = PBXBuildFile; fileRef = 03ED5F7A295DA8CB001EB72F /* DataFetcherTests.swift */; };
		03ED5F7E295DA94A001EB72F /* MockURLProtocol.swift in Sources */ = {isa = PBXBuildFile; fileRef = 03ED5F7D295DA949001EB72F /* MockURLProtocol.swift */; };
		03ED5F80295DAA14001EB72F /* person.json in Resources */ = {isa = PBXBuildFile; fileRef = 03ED5F7F295DAA14001EB72F /* person.json */; };
		03ED5F83295DAA49001EB72F /* Person.swift in Sources */ = {isa = PBXBuildFile; fileRef = 03ED5F82295DAA49001EB72F /* Person.swift */; };
		03ED5F8C295DABD1001EB72F /* JSONLoader.swift in Sources */ = {isa = PBXBuildFile; fileRef = 03ED5F8B295DABD1001EB72F /* JSONLoader.swift */; };
		03ED5F8E295DAC0B001EB72F /* Data+JSONData.swift in Sources */ = {isa = PBXBuildFile; fileRef = 03ED5F8D295DAC0B001EB72F /* Data+JSONData.swift */; };
/* End PBXBuildFile section */

/* Begin PBXContainerItemProxy section */
		0310D794295D934C00C5DF4A /* PBXContainerItemProxy */ = {
			isa = PBXContainerItemProxy;
			containerPortal = 0310D77B295D934B00C5DF4A /* Project object */;
			proxyType = 1;
			remoteGlobalIDString = 0310D782295D934B00C5DF4A;
			remoteInfo = PlacesSearch;
		};
		0310D79E295D934C00C5DF4A /* PBXContainerItemProxy */ = {
			isa = PBXContainerItemProxy;
			containerPortal = 0310D77B295D934B00C5DF4A /* Project object */;
			proxyType = 1;
			remoteGlobalIDString = 0310D782295D934B00C5DF4A;
			remoteInfo = PlacesSearch;
		};
/* End PBXContainerItemProxy section */

/* Begin PBXFileReference section */
		0310D783295D934B00C5DF4A /* PlacesSearch.app */ = {isa = PBXFileReference; explicitFileType = wrapper.application; includeInIndex = 0; path = PlacesSearch.app; sourceTree = BUILT_PRODUCTS_DIR; };
		0310D786295D934B00C5DF4A /* PlacesSearchApp.swift */ = {isa = PBXFileReference; lastKnownFileType = sourcecode.swift; path = PlacesSearchApp.swift; sourceTree = "<group>"; };
		0310D788295D934B00C5DF4A /* ContentView.swift */ = {isa = PBXFileReference; lastKnownFileType = sourcecode.swift; path = ContentView.swift; sourceTree = "<group>"; };
		0310D78A295D934C00C5DF4A /* Assets.xcassets */ = {isa = PBXFileReference; lastKnownFileType = folder.assetcatalog; path = Assets.xcassets; sourceTree = "<group>"; };
		0310D78D295D934C00C5DF4A /* Preview Assets.xcassets */ = {isa = PBXFileReference; lastKnownFileType = folder.assetcatalog; path = "Preview Assets.xcassets"; sourceTree = "<group>"; };
		0310D793295D934C00C5DF4A /* PlacesSearchTests.xctest */ = {isa = PBXFileReference; explicitFileType = wrapper.cfbundle; includeInIndex = 0; path = PlacesSearchTests.xctest; sourceTree = BUILT_PRODUCTS_DIR; };
		0310D79D295D934C00C5DF4A /* PlacesSearchUITests.xctest */ = {isa = PBXFileReference; explicitFileType = wrapper.cfbundle; includeInIndex = 0; path = PlacesSearchUITests.xctest; sourceTree = BUILT_PRODUCTS_DIR; };
		0310D7A1295D934C00C5DF4A /* PlacesSearchUITests.swift */ = {isa = PBXFileReference; lastKnownFileType = sourcecode.swift; path = PlacesSearchUITests.swift; sourceTree = "<group>"; };
		0310D7A3295D934C00C5DF4A /* PlacesSearchUITestsLaunchTests.swift */ = {isa = PBXFileReference; lastKnownFileType = sourcecode.swift; path = PlacesSearchUITestsLaunchTests.swift; sourceTree = "<group>"; };
		03ED5F58295D9959001EB72F /* SessionAuthenticating.swift */ = {isa = PBXFileReference; lastKnownFileType = sourcecode.swift; path = SessionAuthenticating.swift; sourceTree = "<group>"; };
		03ED5F5E295D9BA9001EB72F /* UserLocating.swift */ = {isa = PBXFileReference; lastKnownFileType = sourcecode.swift; path = UserLocating.swift; sourceTree = "<group>"; };
		03ED5F61295D9EE6001EB72F /* CoreError.swift */ = {isa = PBXFileReference; lastKnownFileType = sourcecode.swift; path = CoreError.swift; sourceTree = "<group>"; };
		03ED5F64295D9F9A001EB72F /* ApiProviding.swift */ = {isa = PBXFileReference; lastKnownFileType = sourcecode.swift; path = ApiProviding.swift; sourceTree = "<group>"; };
		03ED5F67295DA00D001EB72F /* DataFetching.swift */ = {isa = PBXFileReference; lastKnownFileType = sourcecode.swift; path = DataFetching.swift; sourceTree = "<group>"; };
		03ED5F69295DA043001EB72F /* NetworkEndpoint.swift */ = {isa = PBXFileReference; lastKnownFileType = sourcecode.swift; path = NetworkEndpoint.swift; sourceTree = "<group>"; };
		03ED5F6B295DA0A8001EB72F /* AppConfiguration.swift */ = {isa = PBXFileReference; lastKnownFileType = sourcecode.swift; path = AppConfiguration.swift; sourceTree = "<group>"; };
		03ED5F6D295DA1E5001EB72F /* RequestParameters.swift */ = {isa = PBXFileReference; lastKnownFileType = sourcecode.swift; path = RequestParameters.swift; sourceTree = "<group>"; };
		03ED5F70295DA237001EB72F /* String+UrlValidation.swift */ = {isa = PBXFileReference; lastKnownFileType = sourcecode.swift; path = "String+UrlValidation.swift"; sourceTree = "<group>"; };
		03ED5F72295DA2CC001EB72F /* DataFetcher.swift */ = {isa = PBXFileReference; lastKnownFileType = sourcecode.swift; path = DataFetcher.swift; sourceTree = "<group>"; };
		03ED5F75295DA7DF001EB72F /* foursquaretoken.txt */ = {isa = PBXFileReference; fileEncoding = 4; lastKnownFileType = text; path = foursquaretoken.txt; sourceTree = "<group>"; };
		03ED5F7A295DA8CB001EB72F /* DataFetcherTests.swift */ = {isa = PBXFileReference; lastKnownFileType = sourcecode.swift; path = DataFetcherTests.swift; sourceTree = "<group>"; };
		03ED5F7D295DA949001EB72F /* MockURLProtocol.swift */ = {isa = PBXFileReference; lastKnownFileType = sourcecode.swift; path = MockURLProtocol.swift; sourceTree = "<group>"; };
		03ED5F7F295DAA14001EB72F /* person.json */ = {isa = PBXFileReference; fileEncoding = 4; lastKnownFileType = text.json; path = person.json; sourceTree = "<group>"; };
		03ED5F82295DAA49001EB72F /* Person.swift */ = {isa = PBXFileReference; lastKnownFileType = sourcecode.swift; path = Person.swift; sourceTree = "<group>"; };
		03ED5F8B295DABD1001EB72F /* JSONLoader.swift */ = {isa = PBXFileReference; lastKnownFileType = sourcecode.swift; path = JSONLoader.swift; sourceTree = "<group>"; };
		03ED5F8D295DAC0B001EB72F /* Data+JSONData.swift */ = {isa = PBXFileReference; lastKnownFileType = sourcecode.swift; path = "Data+JSONData.swift"; sourceTree = "<group>"; };
/* End PBXFileReference section */

/* Begin PBXFrameworksBuildPhase section */
		0310D780295D934B00C5DF4A /* Frameworks */ = {
			isa = PBXFrameworksBuildPhase;
			buildActionMask = 2147483647;
			files = (
			);
			runOnlyForDeploymentPostprocessing = 0;
		};
		0310D790295D934C00C5DF4A /* Frameworks */ = {
			isa = PBXFrameworksBuildPhase;
			buildActionMask = 2147483647;
			files = (
			);
			runOnlyForDeploymentPostprocessing = 0;
		};
		0310D79A295D934C00C5DF4A /* Frameworks */ = {
			isa = PBXFrameworksBuildPhase;
			buildActionMask = 2147483647;
			files = (
			);
			runOnlyForDeploymentPostprocessing = 0;
		};
/* End PBXFrameworksBuildPhase section */

/* Begin PBXGroup section */
		0310D77A295D934B00C5DF4A = {
			isa = PBXGroup;
			children = (
				0310D785295D934B00C5DF4A /* PlacesSearch */,
				0310D796295D934C00C5DF4A /* PlacesSearchTests */,
				0310D7A0295D934C00C5DF4A /* PlacesSearchUITests */,
				0310D784295D934B00C5DF4A /* Products */,
			);
			sourceTree = "<group>";
		};
		0310D784295D934B00C5DF4A /* Products */ = {
			isa = PBXGroup;
			children = (
				0310D783295D934B00C5DF4A /* PlacesSearch.app */,
				0310D793295D934C00C5DF4A /* PlacesSearchTests.xctest */,
				0310D79D295D934C00C5DF4A /* PlacesSearchUITests.xctest */,
			);
			name = Products;
			sourceTree = "<group>";
		};
		0310D785295D934B00C5DF4A /* PlacesSearch */ = {
			isa = PBXGroup;
			children = (
				0310D786295D934B00C5DF4A /* PlacesSearchApp.swift */,
				0310D788295D934B00C5DF4A /* ContentView.swift */,
				03ED5F54295D94EF001EB72F /* Sources */,
				03ED5F74295DA760001EB72F /* Resources */,
				0310D78A295D934C00C5DF4A /* Assets.xcassets */,
				0310D78C295D934C00C5DF4A /* Preview Content */,
			);
			path = PlacesSearch;
			sourceTree = "<group>";
		};
		0310D78C295D934C00C5DF4A /* Preview Content */ = {
			isa = PBXGroup;
			children = (
				0310D78D295D934C00C5DF4A /* Preview Assets.xcassets */,
			);
			path = "Preview Content";
			sourceTree = "<group>";
		};
		0310D796295D934C00C5DF4A /* PlacesSearchTests */ = {
			isa = PBXGroup;
			children = (
				03ED5F77295DA889001EB72F /* Core */,
			);
			path = PlacesSearchTests;
			sourceTree = "<group>";
		};
		0310D7A0295D934C00C5DF4A /* PlacesSearchUITests */ = {
			isa = PBXGroup;
			children = (
				0310D7A1295D934C00C5DF4A /* PlacesSearchUITests.swift */,
				0310D7A3295D934C00C5DF4A /* PlacesSearchUITestsLaunchTests.swift */,
			);
			path = PlacesSearchUITests;
			sourceTree = "<group>";
		};
		03ED5F54295D94EF001EB72F /* Sources */ = {
			isa = PBXGroup;
			children = (
				03ED5F56295D94FF001EB72F /* Modules */,
				03ED5F55295D94F5001EB72F /* Shared */,
			);
			path = Sources;
			sourceTree = "<group>";
		};
		03ED5F55295D94F5001EB72F /* Shared */ = {
			isa = PBXGroup;
			children = (
				03ED5F63295D9F7E001EB72F /* Api */,
				03ED5F5A295D99A9001EB72F /* AppConfiguration */,
				03ED5F57295D993C001EB72F /* Authentication */,
				03ED5F66295D9FE6001EB72F /* DataFetch */,
				03ED5F60295D9ECF001EB72F /* Error */,
				03ED5F6F295DA20E001EB72F /* Extensions */,
				03ED5F5B295D9A7C001EB72F /* UserLocation */,
			);
			path = Shared;
			sourceTree = "<group>";
		};
		03ED5F56295D94FF001EB72F /* Modules */ = {
			isa = PBXGroup;
			children = (
			);
			path = Modules;
			sourceTree = "<group>";
		};
		03ED5F57295D993C001EB72F /* Authentication */ = {
			isa = PBXGroup;
			children = (
				03ED5F58295D9959001EB72F /* SessionAuthenticating.swift */,
			);
			path = Authentication;
			sourceTree = "<group>";
		};
		03ED5F5A295D99A9001EB72F /* AppConfiguration */ = {
			isa = PBXGroup;
			children = (
				03ED5F6B295DA0A8001EB72F /* AppConfiguration.swift */,
			);
			path = AppConfiguration;
			sourceTree = "<group>";
		};
		03ED5F5B295D9A7C001EB72F /* UserLocation */ = {
			isa = PBXGroup;
			children = (
				03ED5F5E295D9BA9001EB72F /* UserLocating.swift */,
			);
			path = UserLocation;
			sourceTree = "<group>";
		};
		03ED5F60295D9ECF001EB72F /* Error */ = {
			isa = PBXGroup;
			children = (
				03ED5F61295D9EE6001EB72F /* CoreError.swift */,
			);
			path = Error;
			sourceTree = "<group>";
		};
		03ED5F63295D9F7E001EB72F /* Api */ = {
			isa = PBXGroup;
			children = (
				03ED5F64295D9F9A001EB72F /* ApiProviding.swift */,
			);
			path = Api;
			sourceTree = "<group>";
		};
		03ED5F66295D9FE6001EB72F /* DataFetch */ = {
			isa = PBXGroup;
			children = (
				03ED5F67295DA00D001EB72F /* DataFetching.swift */,
				03ED5F69295DA043001EB72F /* NetworkEndpoint.swift */,
				03ED5F6D295DA1E5001EB72F /* RequestParameters.swift */,
				03ED5F72295DA2CC001EB72F /* DataFetcher.swift */,
			);
			path = DataFetch;
			sourceTree = "<group>";
		};
		03ED5F6F295DA20E001EB72F /* Extensions */ = {
			isa = PBXGroup;
			children = (
				03ED5F70295DA237001EB72F /* String+UrlValidation.swift */,
			);
			path = Extensions;
			sourceTree = "<group>";
		};
		03ED5F74295DA760001EB72F /* Resources */ = {
			isa = PBXGroup;
			children = (
				03ED5F75295DA7DF001EB72F /* foursquaretoken.txt */,
			);
			path = Resources;
			sourceTree = "<group>";
		};
		03ED5F77295DA889001EB72F /* Core */ = {
			isa = PBXGroup;
			children = (
				03ED5F86295DAB12001EB72F /* Helpers */,
				03ED5F81295DAA36001EB72F /* Models */,
				03ED5F78295DA89B001EB72F /* Fixtures */,
				03ED5F7C295DA8CF001EB72F /* Mocks */,
				03ED5F79295DA8AA001EB72F /* Tests */,
			);
			path = Core;
			sourceTree = "<group>";
		};
		03ED5F78295DA89B001EB72F /* Fixtures */ = {
			isa = PBXGroup;
			children = (
				03ED5F7F295DAA14001EB72F /* person.json */,
			);
			path = Fixtures;
			sourceTree = "<group>";
		};
		03ED5F79295DA8AA001EB72F /* Tests */ = {
			isa = PBXGroup;
			children = (
				03ED5F7A295DA8CB001EB72F /* DataFetcherTests.swift */,
			);
			path = Tests;
			sourceTree = "<group>";
		};
		03ED5F7C295DA8CF001EB72F /* Mocks */ = {
			isa = PBXGroup;
			children = (
				03ED5F7D295DA949001EB72F /* MockURLProtocol.swift */,
			);
			path = Mocks;
			sourceTree = "<group>";
		};
		03ED5F81295DAA36001EB72F /* Models */ = {
			isa = PBXGroup;
			children = (
				03ED5F82295DAA49001EB72F /* Person.swift */,
			);
			path = Models;
			sourceTree = "<group>";
		};
		03ED5F86295DAB12001EB72F /* Helpers */ = {
			isa = PBXGroup;
			children = (
				03ED5F8B295DABD1001EB72F /* JSONLoader.swift */,
				03ED5F8D295DAC0B001EB72F /* Data+JSONData.swift */,
			);
			path = Helpers;
			sourceTree = "<group>";
		};
/* End PBXGroup section */

/* Begin PBXNativeTarget section */
		0310D782295D934B00C5DF4A /* PlacesSearch */ = {
			isa = PBXNativeTarget;
			buildConfigurationList = 0310D7A7295D934C00C5DF4A /* Build configuration list for PBXNativeTarget "PlacesSearch" */;
			buildPhases = (
				0310D77F295D934B00C5DF4A /* Sources */,
				0310D780295D934B00C5DF4A /* Frameworks */,
				0310D781295D934B00C5DF4A /* Resources */,
			);
			buildRules = (
			);
			dependencies = (
			);
			name = PlacesSearch;
			productName = PlacesSearch;
			productReference = 0310D783295D934B00C5DF4A /* PlacesSearch.app */;
			productType = "com.apple.product-type.application";
		};
		0310D792295D934C00C5DF4A /* PlacesSearchTests */ = {
			isa = PBXNativeTarget;
			buildConfigurationList = 0310D7AA295D934C00C5DF4A /* Build configuration list for PBXNativeTarget "PlacesSearchTests" */;
			buildPhases = (
				0310D78F295D934C00C5DF4A /* Sources */,
				0310D790295D934C00C5DF4A /* Frameworks */,
				0310D791295D934C00C5DF4A /* Resources */,
			);
			buildRules = (
			);
			dependencies = (
				0310D795295D934C00C5DF4A /* PBXTargetDependency */,
			);
			name = PlacesSearchTests;
			productName = PlacesSearchTests;
			productReference = 0310D793295D934C00C5DF4A /* PlacesSearchTests.xctest */;
			productType = "com.apple.product-type.bundle.unit-test";
		};
		0310D79C295D934C00C5DF4A /* PlacesSearchUITests */ = {
			isa = PBXNativeTarget;
			buildConfigurationList = 0310D7AD295D934C00C5DF4A /* Build configuration list for PBXNativeTarget "PlacesSearchUITests" */;
			buildPhases = (
				0310D799295D934C00C5DF4A /* Sources */,
				0310D79A295D934C00C5DF4A /* Frameworks */,
				0310D79B295D934C00C5DF4A /* Resources */,
			);
			buildRules = (
			);
			dependencies = (
				0310D79F295D934C00C5DF4A /* PBXTargetDependency */,
			);
			name = PlacesSearchUITests;
			productName = PlacesSearchUITests;
			productReference = 0310D79D295D934C00C5DF4A /* PlacesSearchUITests.xctest */;
			productType = "com.apple.product-type.bundle.ui-testing";
		};
/* End PBXNativeTarget section */

/* Begin PBXProject section */
		0310D77B295D934B00C5DF4A /* Project object */ = {
			isa = PBXProject;
			attributes = {
				BuildIndependentTargetsInParallel = 1;
				LastSwiftUpdateCheck = 1420;
				LastUpgradeCheck = 1420;
				TargetAttributes = {
					0310D782295D934B00C5DF4A = {
						CreatedOnToolsVersion = 14.2;
					};
					0310D792295D934C00C5DF4A = {
						CreatedOnToolsVersion = 14.2;
						TestTargetID = 0310D782295D934B00C5DF4A;
					};
					0310D79C295D934C00C5DF4A = {
						CreatedOnToolsVersion = 14.2;
						TestTargetID = 0310D782295D934B00C5DF4A;
					};
				};
			};
			buildConfigurationList = 0310D77E295D934B00C5DF4A /* Build configuration list for PBXProject "PlacesSearch" */;
			compatibilityVersion = "Xcode 14.0";
			developmentRegion = en;
			hasScannedForEncodings = 0;
			knownRegions = (
				en,
				Base,
			);
			mainGroup = 0310D77A295D934B00C5DF4A;
			productRefGroup = 0310D784295D934B00C5DF4A /* Products */;
			projectDirPath = "";
			projectRoot = "";
			targets = (
				0310D782295D934B00C5DF4A /* PlacesSearch */,
				0310D792295D934C00C5DF4A /* PlacesSearchTests */,
				0310D79C295D934C00C5DF4A /* PlacesSearchUITests */,
			);
		};
/* End PBXProject section */

/* Begin PBXResourcesBuildPhase section */
		0310D781295D934B00C5DF4A /* Resources */ = {
			isa = PBXResourcesBuildPhase;
			buildActionMask = 2147483647;
			files = (
				03ED5F76295DA7DF001EB72F /* foursquaretoken.txt in Resources */,
				0310D78E295D934C00C5DF4A /* Preview Assets.xcassets in Resources */,
				0310D78B295D934C00C5DF4A /* Assets.xcassets in Resources */,
			);
			runOnlyForDeploymentPostprocessing = 0;
		};
		0310D791295D934C00C5DF4A /* Resources */ = {
			isa = PBXResourcesBuildPhase;
			buildActionMask = 2147483647;
			files = (
				03ED5F80295DAA14001EB72F /* person.json in Resources */,
			);
			runOnlyForDeploymentPostprocessing = 0;
		};
		0310D79B295D934C00C5DF4A /* Resources */ = {
			isa = PBXResourcesBuildPhase;
			buildActionMask = 2147483647;
			files = (
			);
			runOnlyForDeploymentPostprocessing = 0;
		};
/* End PBXResourcesBuildPhase section */

/* Begin PBXSourcesBuildPhase section */
		0310D77F295D934B00C5DF4A /* Sources */ = {
			isa = PBXSourcesBuildPhase;
			buildActionMask = 2147483647;
			files = (
				03ED5F73295DA2CC001EB72F /* DataFetcher.swift in Sources */,
				03ED5F59295D9959001EB72F /* SessionAuthenticating.swift in Sources */,
				03ED5F5F295D9BA9001EB72F /* UserLocating.swift in Sources */,
				03ED5F6A295DA043001EB72F /* NetworkEndpoint.swift in Sources */,
				03ED5F6E295DA1E5001EB72F /* RequestParameters.swift in Sources */,
				0310D789295D934B00C5DF4A /* ContentView.swift in Sources */,
				03ED5F71295DA237001EB72F /* String+UrlValidation.swift in Sources */,
				03ED5F62295D9EE6001EB72F /* CoreError.swift in Sources */,
				03ED5F65295D9F9A001EB72F /* ApiProviding.swift in Sources */,
				03ED5F6C295DA0A8001EB72F /* AppConfiguration.swift in Sources */,
				0310D787295D934B00C5DF4A /* PlacesSearchApp.swift in Sources */,
				03ED5F68295DA00D001EB72F /* DataFetching.swift in Sources */,
			);
			runOnlyForDeploymentPostprocessing = 0;
		};
		0310D78F295D934C00C5DF4A /* Sources */ = {
			isa = PBXSourcesBuildPhase;
			buildActionMask = 2147483647;
			files = (
				03ED5F8C295DABD1001EB72F /* JSONLoader.swift in Sources */,
				03ED5F7E295DA94A001EB72F /* MockURLProtocol.swift in Sources */,
				03ED5F8E295DAC0B001EB72F /* Data+JSONData.swift in Sources */,
				03ED5F83295DAA49001EB72F /* Person.swift in Sources */,
				03ED5F7B295DA8CB001EB72F /* DataFetcherTests.swift in Sources */,
			);
			runOnlyForDeploymentPostprocessing = 0;
		};
		0310D799295D934C00C5DF4A /* Sources */ = {
			isa = PBXSourcesBuildPhase;
			buildActionMask = 2147483647;
			files = (
				0310D7A4295D934C00C5DF4A /* PlacesSearchUITestsLaunchTests.swift in Sources */,
				0310D7A2295D934C00C5DF4A /* PlacesSearchUITests.swift in Sources */,
			);
			runOnlyForDeploymentPostprocessing = 0;
		};
/* End PBXSourcesBuildPhase section */

/* Begin PBXTargetDependency section */
		0310D795295D934C00C5DF4A /* PBXTargetDependency */ = {
			isa = PBXTargetDependency;
			target = 0310D782295D934B00C5DF4A /* PlacesSearch */;
			targetProxy = 0310D794295D934C00C5DF4A /* PBXContainerItemProxy */;
		};
		0310D79F295D934C00C5DF4A /* PBXTargetDependency */ = {
			isa = PBXTargetDependency;
			target = 0310D782295D934B00C5DF4A /* PlacesSearch */;
			targetProxy = 0310D79E295D934C00C5DF4A /* PBXContainerItemProxy */;
		};
/* End PBXTargetDependency section */

/* Begin XCBuildConfiguration section */
		0310D7A5295D934C00C5DF4A /* Debug */ = {
			isa = XCBuildConfiguration;
			buildSettings = {
				ALWAYS_SEARCH_USER_PATHS = NO;
				CLANG_ANALYZER_NONNULL = YES;
				CLANG_ANALYZER_NUMBER_OBJECT_CONVERSION = YES_AGGRESSIVE;
				CLANG_CXX_LANGUAGE_STANDARD = "gnu++20";
				CLANG_ENABLE_MODULES = YES;
				CLANG_ENABLE_OBJC_ARC = YES;
				CLANG_ENABLE_OBJC_WEAK = YES;
				CLANG_WARN_BLOCK_CAPTURE_AUTORELEASING = YES;
				CLANG_WARN_BOOL_CONVERSION = YES;
				CLANG_WARN_COMMA = YES;
				CLANG_WARN_CONSTANT_CONVERSION = YES;
				CLANG_WARN_DEPRECATED_OBJC_IMPLEMENTATIONS = YES;
				CLANG_WARN_DIRECT_OBJC_ISA_USAGE = YES_ERROR;
				CLANG_WARN_DOCUMENTATION_COMMENTS = YES;
				CLANG_WARN_EMPTY_BODY = YES;
				CLANG_WARN_ENUM_CONVERSION = YES;
				CLANG_WARN_INFINITE_RECURSION = YES;
				CLANG_WARN_INT_CONVERSION = YES;
				CLANG_WARN_NON_LITERAL_NULL_CONVERSION = YES;
				CLANG_WARN_OBJC_IMPLICIT_RETAIN_SELF = YES;
				CLANG_WARN_OBJC_LITERAL_CONVERSION = YES;
				CLANG_WARN_OBJC_ROOT_CLASS = YES_ERROR;
				CLANG_WARN_QUOTED_INCLUDE_IN_FRAMEWORK_HEADER = YES;
				CLANG_WARN_RANGE_LOOP_ANALYSIS = YES;
				CLANG_WARN_STRICT_PROTOTYPES = YES;
				CLANG_WARN_SUSPICIOUS_MOVE = YES;
				CLANG_WARN_UNGUARDED_AVAILABILITY = YES_AGGRESSIVE;
				CLANG_WARN_UNREACHABLE_CODE = YES;
				CLANG_WARN__DUPLICATE_METHOD_MATCH = YES;
				COPY_PHASE_STRIP = NO;
				DEBUG_INFORMATION_FORMAT = dwarf;
				ENABLE_STRICT_OBJC_MSGSEND = YES;
				ENABLE_TESTABILITY = YES;
				GCC_C_LANGUAGE_STANDARD = gnu11;
				GCC_DYNAMIC_NO_PIC = NO;
				GCC_NO_COMMON_BLOCKS = YES;
				GCC_OPTIMIZATION_LEVEL = 0;
				GCC_PREPROCESSOR_DEFINITIONS = (
					"DEBUG=1",
					"$(inherited)",
				);
				GCC_WARN_64_TO_32_BIT_CONVERSION = YES;
				GCC_WARN_ABOUT_RETURN_TYPE = YES_ERROR;
				GCC_WARN_UNDECLARED_SELECTOR = YES;
				GCC_WARN_UNINITIALIZED_AUTOS = YES_AGGRESSIVE;
				GCC_WARN_UNUSED_FUNCTION = YES;
				GCC_WARN_UNUSED_VARIABLE = YES;
				IPHONEOS_DEPLOYMENT_TARGET = 16.2;
				MTL_ENABLE_DEBUG_INFO = INCLUDE_SOURCE;
				MTL_FAST_MATH = YES;
				ONLY_ACTIVE_ARCH = YES;
				SDKROOT = iphoneos;
				SWIFT_ACTIVE_COMPILATION_CONDITIONS = DEBUG;
				SWIFT_OPTIMIZATION_LEVEL = "-Onone";
			};
			name = Debug;
		};
		0310D7A6295D934C00C5DF4A /* Release */ = {
			isa = XCBuildConfiguration;
			buildSettings = {
				ALWAYS_SEARCH_USER_PATHS = NO;
				CLANG_ANALYZER_NONNULL = YES;
				CLANG_ANALYZER_NUMBER_OBJECT_CONVERSION = YES_AGGRESSIVE;
				CLANG_CXX_LANGUAGE_STANDARD = "gnu++20";
				CLANG_ENABLE_MODULES = YES;
				CLANG_ENABLE_OBJC_ARC = YES;
				CLANG_ENABLE_OBJC_WEAK = YES;
				CLANG_WARN_BLOCK_CAPTURE_AUTORELEASING = YES;
				CLANG_WARN_BOOL_CONVERSION = YES;
				CLANG_WARN_COMMA = YES;
				CLANG_WARN_CONSTANT_CONVERSION = YES;
				CLANG_WARN_DEPRECATED_OBJC_IMPLEMENTATIONS = YES;
				CLANG_WARN_DIRECT_OBJC_ISA_USAGE = YES_ERROR;
				CLANG_WARN_DOCUMENTATION_COMMENTS = YES;
				CLANG_WARN_EMPTY_BODY = YES;
				CLANG_WARN_ENUM_CONVERSION = YES;
				CLANG_WARN_INFINITE_RECURSION = YES;
				CLANG_WARN_INT_CONVERSION = YES;
				CLANG_WARN_NON_LITERAL_NULL_CONVERSION = YES;
				CLANG_WARN_OBJC_IMPLICIT_RETAIN_SELF = YES;
				CLANG_WARN_OBJC_LITERAL_CONVERSION = YES;
				CLANG_WARN_OBJC_ROOT_CLASS = YES_ERROR;
				CLANG_WARN_QUOTED_INCLUDE_IN_FRAMEWORK_HEADER = YES;
				CLANG_WARN_RANGE_LOOP_ANALYSIS = YES;
				CLANG_WARN_STRICT_PROTOTYPES = YES;
				CLANG_WARN_SUSPICIOUS_MOVE = YES;
				CLANG_WARN_UNGUARDED_AVAILABILITY = YES_AGGRESSIVE;
				CLANG_WARN_UNREACHABLE_CODE = YES;
				CLANG_WARN__DUPLICATE_METHOD_MATCH = YES;
				COPY_PHASE_STRIP = NO;
				DEBUG_INFORMATION_FORMAT = "dwarf-with-dsym";
				ENABLE_NS_ASSERTIONS = NO;
				ENABLE_STRICT_OBJC_MSGSEND = YES;
				GCC_C_LANGUAGE_STANDARD = gnu11;
				GCC_NO_COMMON_BLOCKS = YES;
				GCC_WARN_64_TO_32_BIT_CONVERSION = YES;
				GCC_WARN_ABOUT_RETURN_TYPE = YES_ERROR;
				GCC_WARN_UNDECLARED_SELECTOR = YES;
				GCC_WARN_UNINITIALIZED_AUTOS = YES_AGGRESSIVE;
				GCC_WARN_UNUSED_FUNCTION = YES;
				GCC_WARN_UNUSED_VARIABLE = YES;
				IPHONEOS_DEPLOYMENT_TARGET = 16.2;
				MTL_ENABLE_DEBUG_INFO = NO;
				MTL_FAST_MATH = YES;
				SDKROOT = iphoneos;
				SWIFT_COMPILATION_MODE = wholemodule;
				SWIFT_OPTIMIZATION_LEVEL = "-O";
				VALIDATE_PRODUCT = YES;
			};
			name = Release;
		};
		0310D7A8295D934C00C5DF4A /* Debug */ = {
			isa = XCBuildConfiguration;
			buildSettings = {
				ASSETCATALOG_COMPILER_APPICON_NAME = AppIcon;
				ASSETCATALOG_COMPILER_GLOBAL_ACCENT_COLOR_NAME = AccentColor;
				CODE_SIGN_STYLE = Automatic;
				CURRENT_PROJECT_VERSION = 1;
				DEVELOPMENT_ASSET_PATHS = "\"PlacesSearch/Preview Content\"";
				DEVELOPMENT_TEAM = 2R9LLP3W6S;
				ENABLE_PREVIEWS = YES;
				GENERATE_INFOPLIST_FILE = YES;
				INFOPLIST_KEY_UIApplicationSceneManifest_Generation = YES;
				INFOPLIST_KEY_UIApplicationSupportsIndirectInputEvents = YES;
				INFOPLIST_KEY_UILaunchScreen_Generation = YES;
				INFOPLIST_KEY_UISupportedInterfaceOrientations_iPad = "UIInterfaceOrientationPortrait UIInterfaceOrientationPortraitUpsideDown UIInterfaceOrientationLandscapeLeft UIInterfaceOrientationLandscapeRight";
				INFOPLIST_KEY_UISupportedInterfaceOrientations_iPhone = "UIInterfaceOrientationPortrait UIInterfaceOrientationLandscapeLeft UIInterfaceOrientationLandscapeRight";
				LD_RUNPATH_SEARCH_PATHS = (
					"$(inherited)",
					"@executable_path/Frameworks",
				);
				MARKETING_VERSION = 1.0;
				PRODUCT_BUNDLE_IDENTIFIER = com.bavarskismedia.PlacesSearch;
				PRODUCT_NAME = "$(TARGET_NAME)";
				SWIFT_EMIT_LOC_STRINGS = YES;
				SWIFT_VERSION = 5.0;
				TARGETED_DEVICE_FAMILY = "1,2";
			};
			name = Debug;
		};
		0310D7A9295D934C00C5DF4A /* Release */ = {
			isa = XCBuildConfiguration;
			buildSettings = {
				ASSETCATALOG_COMPILER_APPICON_NAME = AppIcon;
				ASSETCATALOG_COMPILER_GLOBAL_ACCENT_COLOR_NAME = AccentColor;
				CODE_SIGN_STYLE = Automatic;
				CURRENT_PROJECT_VERSION = 1;
				DEVELOPMENT_ASSET_PATHS = "\"PlacesSearch/Preview Content\"";
				DEVELOPMENT_TEAM = 2R9LLP3W6S;
				ENABLE_PREVIEWS = YES;
				GENERATE_INFOPLIST_FILE = YES;
				INFOPLIST_KEY_UIApplicationSceneManifest_Generation = YES;
				INFOPLIST_KEY_UIApplicationSupportsIndirectInputEvents = YES;
				INFOPLIST_KEY_UILaunchScreen_Generation = YES;
				INFOPLIST_KEY_UISupportedInterfaceOrientations_iPad = "UIInterfaceOrientationPortrait UIInterfaceOrientationPortraitUpsideDown UIInterfaceOrientationLandscapeLeft UIInterfaceOrientationLandscapeRight";
				INFOPLIST_KEY_UISupportedInterfaceOrientations_iPhone = "UIInterfaceOrientationPortrait UIInterfaceOrientationLandscapeLeft UIInterfaceOrientationLandscapeRight";
				LD_RUNPATH_SEARCH_PATHS = (
					"$(inherited)",
					"@executable_path/Frameworks",
				);
				MARKETING_VERSION = 1.0;
				PRODUCT_BUNDLE_IDENTIFIER = com.bavarskismedia.PlacesSearch;
				PRODUCT_NAME = "$(TARGET_NAME)";
				SWIFT_EMIT_LOC_STRINGS = YES;
				SWIFT_VERSION = 5.0;
				TARGETED_DEVICE_FAMILY = "1,2";
			};
			name = Release;
		};
		0310D7AB295D934C00C5DF4A /* Debug */ = {
			isa = XCBuildConfiguration;
			buildSettings = {
				ALWAYS_EMBED_SWIFT_STANDARD_LIBRARIES = YES;
				BUNDLE_LOADER = "$(TEST_HOST)";
				CODE_SIGN_STYLE = Automatic;
				CURRENT_PROJECT_VERSION = 1;
				DEVELOPMENT_TEAM = 2R9LLP3W6S;
				GENERATE_INFOPLIST_FILE = YES;
				IPHONEOS_DEPLOYMENT_TARGET = 16.2;
				MARKETING_VERSION = 1.0;
				PRODUCT_BUNDLE_IDENTIFIER = com.bavarskismedia.PlacesSearchTests;
				PRODUCT_NAME = "$(TARGET_NAME)";
				SWIFT_EMIT_LOC_STRINGS = NO;
				SWIFT_VERSION = 5.0;
				TARGETED_DEVICE_FAMILY = "1,2";
				TEST_HOST = "$(BUILT_PRODUCTS_DIR)/PlacesSearch.app/$(BUNDLE_EXECUTABLE_FOLDER_PATH)/PlacesSearch";
			};
			name = Debug;
		};
		0310D7AC295D934C00C5DF4A /* Release */ = {
			isa = XCBuildConfiguration;
			buildSettings = {
				ALWAYS_EMBED_SWIFT_STANDARD_LIBRARIES = YES;
				BUNDLE_LOADER = "$(TEST_HOST)";
				CODE_SIGN_STYLE = Automatic;
				CURRENT_PROJECT_VERSION = 1;
				DEVELOPMENT_TEAM = 2R9LLP3W6S;
				GENERATE_INFOPLIST_FILE = YES;
				IPHONEOS_DEPLOYMENT_TARGET = 16.2;
				MARKETING_VERSION = 1.0;
				PRODUCT_BUNDLE_IDENTIFIER = com.bavarskismedia.PlacesSearchTests;
				PRODUCT_NAME = "$(TARGET_NAME)";
				SWIFT_EMIT_LOC_STRINGS = NO;
				SWIFT_VERSION = 5.0;
				TARGETED_DEVICE_FAMILY = "1,2";
				TEST_HOST = "$(BUILT_PRODUCTS_DIR)/PlacesSearch.app/$(BUNDLE_EXECUTABLE_FOLDER_PATH)/PlacesSearch";
			};
			name = Release;
		};
		0310D7AE295D934C00C5DF4A /* Debug */ = {
			isa = XCBuildConfiguration;
			buildSettings = {
				ALWAYS_EMBED_SWIFT_STANDARD_LIBRARIES = YES;
				CODE_SIGN_STYLE = Automatic;
				CURRENT_PROJECT_VERSION = 1;
				DEVELOPMENT_TEAM = 2R9LLP3W6S;
				GENERATE_INFOPLIST_FILE = YES;
				MARKETING_VERSION = 1.0;
				PRODUCT_BUNDLE_IDENTIFIER = com.bavarskismedia.PlacesSearchUITests;
				PRODUCT_NAME = "$(TARGET_NAME)";
				SWIFT_EMIT_LOC_STRINGS = NO;
				SWIFT_VERSION = 5.0;
				TARGETED_DEVICE_FAMILY = "1,2";
				TEST_TARGET_NAME = PlacesSearch;
			};
			name = Debug;
		};
		0310D7AF295D934C00C5DF4A /* Release */ = {
			isa = XCBuildConfiguration;
			buildSettings = {
				ALWAYS_EMBED_SWIFT_STANDARD_LIBRARIES = YES;
				CODE_SIGN_STYLE = Automatic;
				CURRENT_PROJECT_VERSION = 1;
				DEVELOPMENT_TEAM = 2R9LLP3W6S;
				GENERATE_INFOPLIST_FILE = YES;
				MARKETING_VERSION = 1.0;
				PRODUCT_BUNDLE_IDENTIFIER = com.bavarskismedia.PlacesSearchUITests;
				PRODUCT_NAME = "$(TARGET_NAME)";
				SWIFT_EMIT_LOC_STRINGS = NO;
				SWIFT_VERSION = 5.0;
				TARGETED_DEVICE_FAMILY = "1,2";
				TEST_TARGET_NAME = PlacesSearch;
			};
			name = Release;
		};
/* End XCBuildConfiguration section */

/* Begin XCConfigurationList section */
		0310D77E295D934B00C5DF4A /* Build configuration list for PBXProject "PlacesSearch" */ = {
			isa = XCConfigurationList;
			buildConfigurations = (
				0310D7A5295D934C00C5DF4A /* Debug */,
				0310D7A6295D934C00C5DF4A /* Release */,
			);
			defaultConfigurationIsVisible = 0;
			defaultConfigurationName = Release;
		};
		0310D7A7295D934C00C5DF4A /* Build configuration list for PBXNativeTarget "PlacesSearch" */ = {
			isa = XCConfigurationList;
			buildConfigurations = (
				0310D7A8295D934C00C5DF4A /* Debug */,
				0310D7A9295D934C00C5DF4A /* Release */,
			);
			defaultConfigurationIsVisible = 0;
			defaultConfigurationName = Release;
		};
		0310D7AA295D934C00C5DF4A /* Build configuration list for PBXNativeTarget "PlacesSearchTests" */ = {
			isa = XCConfigurationList;
			buildConfigurations = (
				0310D7AB295D934C00C5DF4A /* Debug */,
				0310D7AC295D934C00C5DF4A /* Release */,
			);
			defaultConfigurationIsVisible = 0;
			defaultConfigurationName = Release;
		};
		0310D7AD295D934C00C5DF4A /* Build configuration list for PBXNativeTarget "PlacesSearchUITests" */ = {
			isa = XCConfigurationList;
			buildConfigurations = (
				0310D7AE295D934C00C5DF4A /* Debug */,
				0310D7AF295D934C00C5DF4A /* Release */,
			);
			defaultConfigurationIsVisible = 0;
			defaultConfigurationName = Release;
		};
/* End XCConfigurationList section */
	};
	rootObject = 0310D77B295D934B00C5DF4A /* Project object */;
}
